
Microsoft Visual Studio Solution File, Format Version 12.00
# Visual Studio Version 17
VisualStudioVersion = 17.11.35327.3
MinimumVisualStudioVersion = 10.0.40219.1
Project("{9A19103F-16F7-4668-BE54-9A1E7A4F7556}") = "E-CommerceStore.WebApp", "E-CommerceStore.WebApp\E-CommerceStore.WebApp.csproj", "{290F1384-91EB-4B98-904C-5E73625A4E14}"
EndProject
Project("{9A19103F-16F7-4668-BE54-9A1E7A4F7556}") = "E-Commerce.CoreBusiness", "IMS.CoreBusiness\E-Commerce.CoreBusiness.csproj", "{4EE28AD5-5855-450D-BE07-9135EC747071}"
EndProject
Project("{9A19103F-16F7-4668-BE54-9A1E7A4F7556}") = "E-Commerce.Plugins.InMemory", "IMS.Plugins\IMS.Plugins.InMemory\E-Commerce.Plugins.InMemory.csproj", "{691A142F-3C4C-44F3-951D-3D576F949056}"
EndProject
Project("{9A19103F-16F7-4668-BE54-9A1E7A4F7556}") = "E-Commerce.UseCases", "IMS.UseCases\E-Commerce.UseCases.csproj", "{623FB739-9E18-4DB0-9BC0-8B2B6960169D}"
EndProject
Global
	GlobalSection(SolutionConfigurationPlatforms) = preSolution
		Debug|Any CPU = Debug|Any CPU
		Release|Any CPU = Release|Any CPU
	EndGlobalSection
	GlobalSection(ProjectConfigurationPlatforms) = postSolution
		{290F1384-91EB-4B98-904C-5E73625A4E14}.Debug|Any CPU.ActiveCfg = Debug|Any CPU
		{290F1384-91EB-4B98-904C-5E73625A4E14}.Debug|Any CPU.Build.0 = Debug|Any CPU
		{290F1384-91EB-4B98-904C-5E73625A4E14}.Release|Any CPU.ActiveCfg = Release|Any CPU
		{290F1384-91EB-4B98-904C-5E73625A4E14}.Release|Any CPU.Build.0 = Release|Any CPU
		{4EE28AD5-5855-450D-BE07-9135EC747071}.Debug|Any CPU.ActiveCfg = Debug|Any CPU
		{4EE28AD5-5855-450D-BE07-9135EC747071}.Debug|Any CPU.Build.0 = Debug|Any CPU
		{4EE28AD5-5855-450D-BE07-9135EC747071}.Release|Any CPU.ActiveCfg = Release|Any CPU
		{4EE28AD5-5855-450D-BE07-9135EC747071}.Release|Any CPU.Build.0 = Release|Any CPU
		{691A142F-3C4C-44F3-951D-3D576F949056}.Debug|Any CPU.ActiveCfg = Debug|Any CPU
		{691A142F-3C4C-44F3-951D-3D576F949056}.Debug|Any CPU.Build.0 = Debug|Any CPU
		{691A142F-3C4C-44F3-951D-3D576F949056}.Release|Any CPU.ActiveCfg = Release|Any CPU
		{691A142F-3C4C-44F3-951D-3D576F949056}.Release|Any CPU.Build.0 = Release|Any CPU
		{623FB739-9E18-4DB0-9BC0-8B2B6960169D}.Debug|Any CPU.ActiveCfg = Debug|Any CPU
		{623FB739-9E18-4DB0-9BC0-8B2B6960169D}.Debug|Any CPU.Build.0 = Debug|Any CPU
		{623FB739-9E18-4DB0-9BC0-8B2B6960169D}.Release|Any CPU.ActiveCfg = Release|Any CPU
		{623FB739-9E18-4DB0-9BC0-8B2B6960169D}.Release|Any CPU.Build.0 = Release|Any CPU
	EndGlobalSection
	GlobalSection(SolutionProperties) = preSolution
		HideSolutionNode = FALSE
	EndGlobalSection
	GlobalSection(ExtensibilityGlobals) = postSolution
		SolutionGuid = {18488C28-4070-47CB-8AD6-EE281FDAD1F1}
	EndGlobalSection
EndGlobal
