
Microsoft Visual Studio Solution File, Format Version 12.00
# Visual Studio Version 17
VisualStudioVersion = 17.11.35327.3
MinimumVisualStudioVersion = 10.0.40219.1
Project("{9A19103F-16F7-4668-BE54-9A1E7A4F7556}") = "E-CommerceStore.WebApp", "E-CommerceStore.WebApp\E-CommerceStore.WebApp.csproj", "{290F1384-91EB-4B98-904C-5E73625A4E14}"
EndProject
Project("{9A19103F-16F7-4668-BE54-9A1E7A4F7556}") = "E-Commerce.UseCase", "E-Commerce.UseCase\E-Commerce.UseCase.csproj", "{B4FEE1DD-9EF5-4E22-A11D-18CDED6D2BF9}"
EndProject
Project("{9A19103F-16F7-4668-BE54-9A1E7A4F7556}") = "ECommerce.CoreEntityBusiness", "ECommerce.CoreEntityBusiness\ECommerce.CoreEntityBusiness.csproj", "{1A129EDC-6B57-4415-9C50-35F0C3BE8E3D}"
EndProject
Project("{2150E333-8FDC-42A3-9474-1A3956D46DE8}") = "Plguins", "Plguins", "{3F94F441-7CA5-477B-9560-A64429A1A311}"
EndProject
Project("{9A19103F-16F7-4668-BE54-9A1E7A4F7556}") = "E-Commerce.Plugin.InMemmory", "E-Commerce.Plugin.InMemmory\E-Commerce.Plugin.InMemmory.csproj", "{90931B95-0F1D-4FF1-9AB5-646DD19A07B8}"
EndProject
Project("{9A19103F-16F7-4668-BE54-9A1E7A4F7556}") = "E-Commerce.Plugin.MySQL", "E-Commerce.Plugin.MySQL\E-Commerce.Plugin.MySQL.csproj", "{FD3701B4-FF05-42A2-9835-CC2DDF58AA7D}"
EndProject
Project("{FAE04EC0-301F-11D3-BF4B-00C04F79EFBC}") = "ECommerceStore.Test", "ECommerceStore.Test\ECommerceStore.Test.csproj", "{FE952EEC-2C2B-41CE-9CB2-861A3A82DCE7}"
EndProject
Global
	GlobalSection(SolutionConfigurationPlatforms) = preSolution
		Debug|Any CPU = Debug|Any CPU
		Release|Any CPU = Release|Any CPU
	EndGlobalSection
	GlobalSection(ProjectConfigurationPlatforms) = postSolution
		{290F1384-91EB-4B98-904C-5E73625A4E14}.Debug|Any CPU.ActiveCfg = Debug|Any CPU
		{290F1384-91EB-4B98-904C-5E73625A4E14}.Debug|Any CPU.Build.0 = Debug|Any CPU
		{290F1384-91EB-4B98-904C-5E73625A4E14}.Release|Any CPU.ActiveCfg = Release|Any CPU
		{290F1384-91EB-4B98-904C-5E73625A4E14}.Release|Any CPU.Build.0 = Release|Any CPU
		{B4FEE1DD-9EF5-4E22-A11D-18CDED6D2BF9}.Debug|Any CPU.ActiveCfg = Debug|Any CPU
		{B4FEE1DD-9EF5-4E22-A11D-18CDED6D2BF9}.Debug|Any CPU.Build.0 = Debug|Any CPU
		{B4FEE1DD-9EF5-4E22-A11D-18CDED6D2BF9}.Release|Any CPU.ActiveCfg = Release|Any CPU
		{B4FEE1DD-9EF5-4E22-A11D-18CDED6D2BF9}.Release|Any CPU.Build.0 = Release|Any CPU
		{1A129EDC-6B57-4415-9C50-35F0C3BE8E3D}.Debug|Any CPU.ActiveCfg = Debug|Any CPU
		{1A129EDC-6B57-4415-9C50-35F0C3BE8E3D}.Debug|Any CPU.Build.0 = Debug|Any CPU
		{1A129EDC-6B57-4415-9C50-35F0C3BE8E3D}.Release|Any CPU.ActiveCfg = Release|Any CPU
		{1A129EDC-6B57-4415-9C50-35F0C3BE8E3D}.Release|Any CPU.Build.0 = Release|Any CPU
		{90931B95-0F1D-4FF1-9AB5-646DD19A07B8}.Debug|Any CPU.ActiveCfg = Debug|Any CPU
		{90931B95-0F1D-4FF1-9AB5-646DD19A07B8}.Debug|Any CPU.Build.0 = Debug|Any CPU
		{90931B95-0F1D-4FF1-9AB5-646DD19A07B8}.Release|Any CPU.ActiveCfg = Release|Any CPU
		{90931B95-0F1D-4FF1-9AB5-646DD19A07B8}.Release|Any CPU.Build.0 = Release|Any CPU
		{FD3701B4-FF05-42A2-9835-CC2DDF58AA7D}.Debug|Any CPU.ActiveCfg = Debug|Any CPU
		{FD3701B4-FF05-42A2-9835-CC2DDF58AA7D}.Debug|Any CPU.Build.0 = Debug|Any CPU
		{FD3701B4-FF05-42A2-9835-CC2DDF58AA7D}.Release|Any CPU.ActiveCfg = Release|Any CPU
		{FD3701B4-FF05-42A2-9835-CC2DDF58AA7D}.Release|Any CPU.Build.0 = Release|Any CPU
		{FE952EEC-2C2B-41CE-9CB2-861A3A82DCE7}.Debug|Any CPU.ActiveCfg = Debug|Any CPU
		{FE952EEC-2C2B-41CE-9CB2-861A3A82DCE7}.Debug|Any CPU.Build.0 = Debug|Any CPU
		{FE952EEC-2C2B-41CE-9CB2-861A3A82DCE7}.Release|Any CPU.ActiveCfg = Release|Any CPU
		{FE952EEC-2C2B-41CE-9CB2-861A3A82DCE7}.Release|Any CPU.Build.0 = Release|Any CPU
	EndGlobalSection
	GlobalSection(SolutionProperties) = preSolution
		HideSolutionNode = FALSE
	EndGlobalSection
	GlobalSection(NestedProjects) = preSolution
		{90931B95-0F1D-4FF1-9AB5-646DD19A07B8} = {3F94F441-7CA5-477B-9560-A64429A1A311}
		{FD3701B4-FF05-42A2-9835-CC2DDF58AA7D} = {3F94F441-7CA5-477B-9560-A64429A1A311}
	EndGlobalSection
	GlobalSection(ExtensibilityGlobals) = postSolution
		SolutionGuid = {18488C28-4070-47CB-8AD6-EE281FDAD1F1}
	EndGlobalSection
EndGlobal
